// !$*UTF8*$!
{
	archiveVersion = 1;
	classes = {
	};
	objectVersion = 46;
	objects = {

/* Begin PBXBuildFile section */
		E2CF89841A8E60800020C2E1 /* main.m in Sources */ = {isa = PBXBuildFile; fileRef = E2CF89831A8E60800020C2E1 /* main.m */; };
		E2CF89871A8E60800020C2E1 /* AppDelegate.m in Sources */ = {isa = PBXBuildFile; fileRef = E2CF89861A8E60800020C2E1 /* AppDelegate.m */; };
		E2CF898A1A8E60800020C2E1 /* ViewController.m in Sources */ = {isa = PBXBuildFile; fileRef = E2CF89891A8E60800020C2E1 /* ViewController.m */; };
		E2CF898D1A8E60800020C2E1 /* Main.storyboard in Resources */ = {isa = PBXBuildFile; fileRef = E2CF898B1A8E60800020C2E1 /* Main.storyboard */; };
		E2CF898F1A8E60800020C2E1 /* Images.xcassets in Resources */ = {isa = PBXBuildFile; fileRef = E2CF898E1A8E60800020C2E1 /* Images.xcassets */; };
		E2CF89921A8E60800020C2E1 /* LaunchScreen.xib in Resources */ = {isa = PBXBuildFile; fileRef = E2CF89901A8E60800020C2E1 /* LaunchScreen.xib */; };
		E2CF899E1A8E60800020C2E1 /* upload_artifacts_testTests.m in Sources */ = {isa = PBXBuildFile; fileRef = E2CF899D1A8E60800020C2E1 /* upload_artifacts_testTests.m */; };
/* End PBXBuildFile section */

/* Begin PBXContainerItemProxy section */
		E2CF89981A8E60800020C2E1 /* PBXContainerItemProxy */ = {
			isa = PBXContainerItemProxy;
			containerPortal = E2CF89761A8E60800020C2E1 /* Project object */;
			proxyType = 1;
			remoteGlobalIDString = E2CF897D1A8E60800020C2E1;
			remoteInfo = upload_artifacts_test;
		};
/* End PBXContainerItemProxy section */

/* Begin PBXFileReference section */
		E2CF897E1A8E60800020C2E1 /* upload_artifacts_test.app */ = {isa = PBXFileReference; explicitFileType = wrapper.application; includeInIndex = 0; path = upload_artifacts_test.app; sourceTree = BUILT_PRODUCTS_DIR; };
		E2CF89821A8E60800020C2E1 /* Info.plist */ = {isa = PBXFileReference; lastKnownFileType = text.plist.xml; path = Info.plist; sourceTree = "<group>"; };
		E2CF89831A8E60800020C2E1 /* main.m */ = {isa = PBXFileReference; lastKnownFileType = sourcecode.c.objc; path = main.m; sourceTree = "<group>"; };
		E2CF89851A8E60800020C2E1 /* AppDelegate.h */ = {isa = PBXFileReference; lastKnownFileType = sourcecode.c.h; path = AppDelegate.h; sourceTree = "<group>"; };
		E2CF89861A8E60800020C2E1 /* AppDelegate.m */ = {isa = PBXFileReference; lastKnownFileType = sourcecode.c.objc; path = AppDelegate.m; sourceTree = "<group>"; };
		E2CF89881A8E60800020C2E1 /* ViewController.h */ = {isa = PBXFileReference; lastKnownFileType = sourcecode.c.h; path = ViewController.h; sourceTree = "<group>"; };
		E2CF89891A8E60800020C2E1 /* ViewController.m */ = {isa = PBXFileReference; lastKnownFileType = sourcecode.c.objc; path = ViewController.m; sourceTree = "<group>"; };
		E2CF898C1A8E60800020C2E1 /* Base */ = {isa = PBXFileReference; lastKnownFileType = file.storyboard; name = Base; path = Base.lproj/Main.storyboard; sourceTree = "<group>"; };
		E2CF898E1A8E60800020C2E1 /* Images.xcassets */ = {isa = PBXFileReference; lastKnownFileType = folder.assetcatalog; path = Images.xcassets; sourceTree = "<group>"; };
		E2CF89911A8E60800020C2E1 /* Base */ = {isa = PBXFileReference; lastKnownFileType = file.xib; name = Base; path = Base.lproj/LaunchScreen.xib; sourceTree = "<group>"; };
		E2CF89971A8E60800020C2E1 /* upload_artifacts_testTests.xctest */ = {isa = PBXFileReference; explicitFileType = wrapper.cfbundle; includeInIndex = 0; path = upload_artifacts_testTests.xctest; sourceTree = BUILT_PRODUCTS_DIR; };
		E2CF899C1A8E60800020C2E1 /* Info.plist */ = {isa = PBXFileReference; lastKnownFileType = text.plist.xml; path = Info.plist; sourceTree = "<group>"; };
		E2CF899D1A8E60800020C2E1 /* upload_artifacts_testTests.m */ = {isa = PBXFileReference; lastKnownFileType = sourcecode.c.objc; path = upload_artifacts_testTests.m; sourceTree = "<group>"; };
/* End PBXFileReference section */

/* Begin PBXFrameworksBuildPhase section */
		E2CF897B1A8E60800020C2E1 /* Frameworks */ = {
			isa = PBXFrameworksBuildPhase;
			buildActionMask = 2147483647;
			files = (
			);
			runOnlyForDeploymentPostprocessing = 0;
		};
		E2CF89941A8E60800020C2E1 /* Frameworks */ = {
			isa = PBXFrameworksBuildPhase;
			buildActionMask = 2147483647;
			files = (
			);
			runOnlyForDeploymentPostprocessing = 0;
		};
/* End PBXFrameworksBuildPhase section */

/* Begin PBXGroup section */
		E2CF89751A8E60800020C2E1 = {
			isa = PBXGroup;
			children = (
				E2CF89801A8E60800020C2E1 /* upload_artifacts_test */,
				E2CF899A1A8E60800020C2E1 /* upload_artifacts_testTests */,
				E2CF897F1A8E60800020C2E1 /* Products */,
			);
			sourceTree = "<group>";
		};
		E2CF897F1A8E60800020C2E1 /* Products */ = {
			isa = PBXGroup;
			children = (
				E2CF897E1A8E60800020C2E1 /* upload_artifacts_test.app */,
				E2CF89971A8E60800020C2E1 /* upload_artifacts_testTests.xctest */,
			);
			name = Products;
			sourceTree = "<group>";
		};
		E2CF89801A8E60800020C2E1 /* upload_artifacts_test */ = {
			isa = PBXGroup;
			children = (
				E2CF89851A8E60800020C2E1 /* AppDelegate.h */,
				E2CF89861A8E60800020C2E1 /* AppDelegate.m */,
				E2CF89881A8E60800020C2E1 /* ViewController.h */,
				E2CF89891A8E60800020C2E1 /* ViewController.m */,
				E2CF898B1A8E60800020C2E1 /* Main.storyboard */,
				E2CF898E1A8E60800020C2E1 /* Images.xcassets */,
				E2CF89901A8E60800020C2E1 /* LaunchScreen.xib */,
				E2CF89811A8E60800020C2E1 /* Supporting Files */,
			);
			path = upload_artifacts_test;
			sourceTree = "<group>";
		};
		E2CF89811A8E60800020C2E1 /* Supporting Files */ = {
			isa = PBXGroup;
			children = (
				E2CF89821A8E60800020C2E1 /* Info.plist */,
				E2CF89831A8E60800020C2E1 /* main.m */,
			);
			name = "Supporting Files";
			sourceTree = "<group>";
		};
		E2CF899A1A8E60800020C2E1 /* upload_artifacts_testTests */ = {
			isa = PBXGroup;
			children = (
				E2CF899D1A8E60800020C2E1 /* upload_artifacts_testTests.m */,
				E2CF899B1A8E60800020C2E1 /* Supporting Files */,
			);
			path = upload_artifacts_testTests;
			sourceTree = "<group>";
		};
		E2CF899B1A8E60800020C2E1 /* Supporting Files */ = {
			isa = PBXGroup;
			children = (
				E2CF899C1A8E60800020C2E1 /* Info.plist */,
			);
			name = "Supporting Files";
			sourceTree = "<group>";
		};
/* End PBXGroup section */

/* Begin PBXNativeTarget section */
		E2CF897D1A8E60800020C2E1 /* upload_artifacts_test */ = {
			isa = PBXNativeTarget;
			buildConfigurationList = E2CF89A11A8E60800020C2E1 /* Build configuration list for PBXNativeTarget "upload_artifacts_test" */;
			buildPhases = (
				E2CF897A1A8E60800020C2E1 /* Sources */,
				E2CF897B1A8E60800020C2E1 /* Frameworks */,
				E2CF897C1A8E60800020C2E1 /* Resources */,
			);
			buildRules = (
			);
			dependencies = (
			);
			name = upload_artifacts_test;
			productName = upload_artifacts_test;
			productReference = E2CF897E1A8E60800020C2E1 /* upload_artifacts_test.app */;
			productType = "com.apple.product-type.application";
		};
		E2CF89961A8E60800020C2E1 /* upload_artifacts_testTests */ = {
			isa = PBXNativeTarget;
			buildConfigurationList = E2CF89A41A8E60800020C2E1 /* Build configuration list for PBXNativeTarget "upload_artifacts_testTests" */;
			buildPhases = (
				E2CF89931A8E60800020C2E1 /* Sources */,
				E2CF89941A8E60800020C2E1 /* Frameworks */,
				E2CF89951A8E60800020C2E1 /* Resources */,
			);
			buildRules = (
			);
			dependencies = (
				E2CF89991A8E60800020C2E1 /* PBXTargetDependency */,
			);
			name = upload_artifacts_testTests;
			productName = upload_artifacts_testTests;
			productReference = E2CF89971A8E60800020C2E1 /* upload_artifacts_testTests.xctest */;
			productType = "com.apple.product-type.bundle.unit-test";
		};
/* End PBXNativeTarget section */

/* Begin PBXProject section */
		E2CF89761A8E60800020C2E1 /* Project object */ = {
			isa = PBXProject;
			attributes = {
				LastUpgradeCheck = 0610;
				ORGANIZATIONNAME = "Yoonchul Koh";
				TargetAttributes = {
					E2CF897D1A8E60800020C2E1 = {
						CreatedOnToolsVersion = 6.1.1;
					};
					E2CF89961A8E60800020C2E1 = {
						CreatedOnToolsVersion = 6.1.1;
						TestTargetID = E2CF897D1A8E60800020C2E1;
					};
				};
			};
			buildConfigurationList = E2CF89791A8E60800020C2E1 /* Build configuration list for PBXProject "upload_artifacts_test" */;
			compatibilityVersion = "Xcode 3.2";
			developmentRegion = English;
			hasScannedForEncodings = 0;
			knownRegions = (
				en,
				Base,
			);
			mainGroup = E2CF89751A8E60800020C2E1;
			productRefGroup = E2CF897F1A8E60800020C2E1 /* Products */;
			projectDirPath = "";
			projectRoot = "";
			targets = (
				E2CF897D1A8E60800020C2E1 /* upload_artifacts_test */,
				E2CF89961A8E60800020C2E1 /* upload_artifacts_testTests */,
			);
		};
/* End PBXProject section */

/* Begin PBXResourcesBuildPhase section */
		E2CF897C1A8E60800020C2E1 /* Resources */ = {
			isa = PBXResourcesBuildPhase;
			buildActionMask = 2147483647;
			files = (
				E2CF898D1A8E60800020C2E1 /* Main.storyboard in Resources */,
				E2CF89921A8E60800020C2E1 /* LaunchScreen.xib in Resources */,
				E2CF898F1A8E60800020C2E1 /* Images.xcassets in Resources */,
			);
			runOnlyForDeploymentPostprocessing = 0;
		};
		E2CF89951A8E60800020C2E1 /* Resources */ = {
			isa = PBXResourcesBuildPhase;
			buildActionMask = 2147483647;
			files = (
			);
			runOnlyForDeploymentPostprocessing = 0;
		};
/* End PBXResourcesBuildPhase section */

/* Begin PBXSourcesBuildPhase section */
		E2CF897A1A8E60800020C2E1 /* Sources */ = {
			isa = PBXSourcesBuildPhase;
			buildActionMask = 2147483647;
			files = (
				E2CF898A1A8E60800020C2E1 /* ViewController.m in Sources */,
				E2CF89871A8E60800020C2E1 /* AppDelegate.m in Sources */,
				E2CF89841A8E60800020C2E1 /* main.m in Sources */,
			);
			runOnlyForDeploymentPostprocessing = 0;
		};
		E2CF89931A8E60800020C2E1 /* Sources */ = {
			isa = PBXSourcesBuildPhase;
			buildActionMask = 2147483647;
			files = (
				E2CF899E1A8E60800020C2E1 /* upload_artifacts_testTests.m in Sources */,
			);
			runOnlyForDeploymentPostprocessing = 0;
		};
/* End PBXSourcesBuildPhase section */

/* Begin PBXTargetDependency section */
		E2CF89991A8E60800020C2E1 /* PBXTargetDependency */ = {
			isa = PBXTargetDependency;
			target = E2CF897D1A8E60800020C2E1 /* upload_artifacts_test */;
			targetProxy = E2CF89981A8E60800020C2E1 /* PBXContainerItemProxy */;
		};
/* End PBXTargetDependency section */

/* Begin PBXVariantGroup section */
		E2CF898B1A8E60800020C2E1 /* Main.storyboard */ = {
			isa = PBXVariantGroup;
			children = (
				E2CF898C1A8E60800020C2E1 /* Base */,
			);
			name = Main.storyboard;
			sourceTree = "<group>";
		};
		E2CF89901A8E60800020C2E1 /* LaunchScreen.xib */ = {
			isa = PBXVariantGroup;
			children = (
				E2CF89911A8E60800020C2E1 /* Base */,
			);
			name = LaunchScreen.xib;
			sourceTree = "<group>";
		};
/* End PBXVariantGroup section */

/* Begin XCBuildConfiguration section */
		E2CF899F1A8E60800020C2E1 /* Debug */ = {
			isa = XCBuildConfiguration;
			buildSettings = {
				ALWAYS_SEARCH_USER_PATHS = NO;
				CLANG_CXX_LANGUAGE_STANDARD = "gnu++0x";
				CLANG_CXX_LIBRARY = "libc++";
				CLANG_ENABLE_MODULES = YES;
				CLANG_ENABLE_OBJC_ARC = YES;
				CLANG_WARN_BOOL_CONVERSION = YES;
				CLANG_WARN_CONSTANT_CONVERSION = YES;
				CLANG_WARN_DIRECT_OBJC_ISA_USAGE = YES_ERROR;
				CLANG_WARN_EMPTY_BODY = YES;
				CLANG_WARN_ENUM_CONVERSION = YES;
				CLANG_WARN_INT_CONVERSION = YES;
				CLANG_WARN_OBJC_ROOT_CLASS = YES_ERROR;
				CLANG_WARN_UNREACHABLE_CODE = YES;
				CLANG_WARN__DUPLICATE_METHOD_MATCH = YES;
				"CODE_SIGN_IDENTITY[sdk=iphoneos*]" = "iPhone Developer";
				COPY_PHASE_STRIP = NO;
				ENABLE_STRICT_OBJC_MSGSEND = YES;
				GCC_C_LANGUAGE_STANDARD = gnu99;
				GCC_DYNAMIC_NO_PIC = NO;
				GCC_OPTIMIZATION_LEVEL = 0;
				GCC_PREPROCESSOR_DEFINITIONS = (
					"DEBUG=1",
					"$(inherited)",
				);
				GCC_SYMBOLS_PRIVATE_EXTERN = NO;
				GCC_WARN_64_TO_32_BIT_CONVERSION = YES;
				GCC_WARN_ABOUT_RETURN_TYPE = YES_ERROR;
				GCC_WARN_UNDECLARED_SELECTOR = YES;
				GCC_WARN_UNINITIALIZED_AUTOS = YES_AGGRESSIVE;
				GCC_WARN_UNUSED_FUNCTION = YES;
				GCC_WARN_UNUSED_VARIABLE = YES;
				IPHONEOS_DEPLOYMENT_TARGET = 8.1;
				MTL_ENABLE_DEBUG_INFO = YES;
				ONLY_ACTIVE_ARCH = YES;
				SDKROOT = iphoneos;
			};
			name = Debug;
		};
		E2CF89A01A8E60800020C2E1 /* Release */ = {
			isa = XCBuildConfiguration;
			buildSettings = {
				ALWAYS_SEARCH_USER_PATHS = NO;
				CLANG_CXX_LANGUAGE_STANDARD = "gnu++0x";
				CLANG_CXX_LIBRARY = "libc++";
				CLANG_ENABLE_MODULES = YES;
				CLANG_ENABLE_OBJC_ARC = YES;
				CLANG_WARN_BOOL_CONVERSION = YES;
				CLANG_WARN_CONSTANT_CONVERSION = YES;
				CLANG_WARN_DIRECT_OBJC_ISA_USAGE = YES_ERROR;
				CLANG_WARN_EMPTY_BODY = YES;
				CLANG_WARN_ENUM_CONVERSION = YES;
				CLANG_WARN_INT_CONVERSION = YES;
				CLANG_WARN_OBJC_ROOT_CLASS = YES_ERROR;
				CLANG_WARN_UNREACHABLE_CODE = YES;
				CLANG_WARN__DUPLICATE_METHOD_MATCH = YES;
				"CODE_SIGN_IDENTITY[sdk=iphoneos*]" = "iPhone Developer";
				COPY_PHASE_STRIP = YES;
				ENABLE_NS_ASSERTIONS = NO;
				ENABLE_STRICT_OBJC_MSGSEND = YES;
				GCC_C_LANGUAGE_STANDARD = gnu99;
				GCC_WARN_64_TO_32_BIT_CONVERSION = YES;
				GCC_WARN_ABOUT_RETURN_TYPE = YES_ERROR;
				GCC_WARN_UNDECLARED_SELECTOR = YES;
				GCC_WARN_UNINITIALIZED_AUTOS = YES_AGGRESSIVE;
				GCC_WARN_UNUSED_FUNCTION = YES;
				GCC_WARN_UNUSED_VARIABLE = YES;
				IPHONEOS_DEPLOYMENT_TARGET = 8.1;
				MTL_ENABLE_DEBUG_INFO = NO;
				SDKROOT = iphoneos;
				VALIDATE_PRODUCT = YES;
			};
			name = Release;
		};
		E2CF89A21A8E60800020C2E1 /* Debug */ = {
			isa = XCBuildConfiguration;
			buildSettings = {
				ASSETCATALOG_COMPILER_APPICON_NAME = AppIcon;
				INFOPLIST_FILE = upload_artifacts_test/Info.plist;
				LD_RUNPATH_SEARCH_PATHS = "$(inherited) @executable_path/Frameworks";
				PRODUCT_NAME = "$(TARGET_NAME)";
			};
			name = Debug;
		};
		E2CF89A31A8E60800020C2E1 /* Release */ = {
			isa = XCBuildConfiguration;
			buildSettings = {
				ASSETCATALOG_COMPILER_APPICON_NAME = AppIcon;
				INFOPLIST_FILE = upload_artifacts_test/Info.plist;
				LD_RUNPATH_SEARCH_PATHS = "$(inherited) @executable_path/Frameworks";
				PRODUCT_NAME = "$(TARGET_NAME)";
			};
			name = Release;
		};
		E2CF89A51A8E60800020C2E1 /* Debug */ = {
			isa = XCBuildConfiguration;
			buildSettings = {
				BUNDLE_LOADER = "$(TEST_HOST)";
				FRAMEWORK_SEARCH_PATHS = (
					"$(SDKROOT)/Developer/Library/Frameworks",
					"$(inherited)",
				);
				GCC_PREPROCESSOR_DEFINITIONS = (
					"DEBUG=1",
					"$(inherited)",
				);
				INFOPLIST_FILE = upload_artifacts_testTests/Info.plist;
				LD_RUNPATH_SEARCH_PATHS = "$(inherited) @executable_path/Frameworks @loader_path/Frameworks";
				PRODUCT_NAME = "$(TARGET_NAME)";
				TEST_HOST = "$(BUILT_PRODUCTS_DIR)/upload_artifacts_test.app/upload_artifacts_test";
			};
			name = Debug;
		};
		E2CF89A61A8E60800020C2E1 /* Release */ = {
			isa = XCBuildConfiguration;
			buildSettings = {
				BUNDLE_LOADER = "$(TEST_HOST)";
				FRAMEWORK_SEARCH_PATHS = (
					"$(SDKROOT)/Developer/Library/Frameworks",
					"$(inherited)",
				);
				INFOPLIST_FILE = upload_artifacts_testTests/Info.plist;
				LD_RUNPATH_SEARCH_PATHS = "$(inherited) @executable_path/Frameworks @loader_path/Frameworks";
				PRODUCT_NAME = "$(TARGET_NAME)";
				TEST_HOST = "$(BUILT_PRODUCTS_DIR)/upload_artifacts_test.app/upload_artifacts_test";
			};
			name = Release;
		};
/* End XCBuildConfiguration section */

/* Begin XCConfigurationList section */
		E2CF89791A8E60800020C2E1 /* Build configuration list for PBXProject "upload_artifacts_test" */ = {
			isa = XCConfigurationList;
			buildConfigurations = (
				E2CF899F1A8E60800020C2E1 /* Debug */,
				E2CF89A01A8E60800020C2E1 /* Release */,
			);
			defaultConfigurationIsVisible = 0;
			defaultConfigurationName = Release;
		};
		E2CF89A11A8E60800020C2E1 /* Build configuration list for PBXNativeTarget "upload_artifacts_test" */ = {
			isa = XCConfigurationList;
			buildConfigurations = (
				E2CF89A21A8E60800020C2E1 /* Debug */,
				E2CF89A31A8E60800020C2E1 /* Release */,
			);
			defaultConfigurationIsVisible = 0;
		};
		E2CF89A41A8E60800020C2E1 /* Build configuration list for PBXNativeTarget "upload_artifacts_testTests" */ = {
			isa = XCConfigurationList;
			buildConfigurations = (
				E2CF89A51A8E60800020C2E1 /* Debug */,
				E2CF89A61A8E60800020C2E1 /* Release */,
			);
			defaultConfigurationIsVisible = 0;
		};
/* End XCConfigurationList section */
	};
	rootObject = E2CF89761A8E60800020C2E1 /* Project object */;
}
